
Microsoft Visual Studio Solution File, Format Version 12.00
# Visual Studio Version 16
VisualStudioVersion = 16.0.30002.166
MinimumVisualStudioVersion = 10.0.40219.1
Project("{FAE04EC0-301F-11D3-BF4B-00C04F79EFBC}") = "SimpleRegex", "SimpleRegex\SimpleRegex.csproj", "{BF6F45AF-E053-4F4C-A13B-44D7B1922471}"
EndProject
Project("{FAE04EC0-301F-11D3-BF4B-00C04F79EFBC}") = "SimpleRegexTests", "SimpleRegexTests\SimpleRegexTests.csproj", "{2C4CAB2E-8766-4CAB-B791-675E6EF325FA}"
EndProject
Global
	GlobalSection(SolutionConfigurationPlatforms) = preSolution
		Debug|Any CPU = Debug|Any CPU
		Release|Any CPU = Release|Any CPU
	EndGlobalSection
	GlobalSection(ProjectConfigurationPlatforms) = postSolution
		{BF6F45AF-E053-4F4C-A13B-44D7B1922471}.Debug|Any CPU.ActiveCfg = Debug|Any CPU
		{BF6F45AF-E053-4F4C-A13B-44D7B1922471}.Debug|Any CPU.Build.0 = Debug|Any CPU
		{BF6F45AF-E053-4F4C-A13B-44D7B1922471}.Release|Any CPU.ActiveCfg = Release|Any CPU
		{BF6F45AF-E053-4F4C-A13B-44D7B1922471}.Release|Any CPU.Build.0 = Release|Any CPU
		{2C4CAB2E-8766-4CAB-B791-675E6EF325FA}.Debug|Any CPU.ActiveCfg = Debug|Any CPU
		{2C4CAB2E-8766-4CAB-B791-675E6EF325FA}.Debug|Any CPU.Build.0 = Debug|Any CPU
		{2C4CAB2E-8766-4CAB-B791-675E6EF325FA}.Release|Any CPU.ActiveCfg = Release|Any CPU
		{2C4CAB2E-8766-4CAB-B791-675E6EF325FA}.Release|Any CPU.Build.0 = Release|Any CPU
	EndGlobalSection
	GlobalSection(SolutionProperties) = preSolution
		HideSolutionNode = FALSE
	EndGlobalSection
	GlobalSection(ExtensibilityGlobals) = postSolution
		SolutionGuid = {C0660885-0790-46C0-9BF3-649C44440650}
	EndGlobalSection
EndGlobal
